
Microsoft Visual Studio Solution File, Format Version 12.00
# Visual Studio 14
VisualStudioVersion = 14.0.25123.0
MinimumVisualStudioVersion = 10.0.40219.1
Project("{FAE04EC0-301F-11D3-BF4B-00C04F79EFBC}") = "PureGame", "PureGame\PureGame.csproj", "{483D0287-2401-4822-893B-EBA1B792E055}"
EndProject
Project("{FAE04EC0-301F-11D3-BF4B-00C04F79EFBC}") = "PureGame.Render", "PureGame.Render\PureGame.Render.csproj", "{495BF5A7-DEA5-4B30-9B9B-4BB358CC60E3}"
EndProject
Project("{FAE04EC0-301F-11D3-BF4B-00C04F79EFBC}") = "PureGame.Gui", "PureGame.Gui\PureGame.Gui.csproj", "{1836813D-C2AB-4654-B6C5-C6BA72BF5644}"
EndProject
Project("{FAE04EC0-301F-11D3-BF4B-00C04F79EFBC}") = "PureGame.DesktopGl", "PureGame.DesktopGl\PureGame.DesktopGl.csproj", "{2AA1704F-5832-4E27-83DE-2491FACBFCF2}"
EndProject
Project("{FAE04EC0-301F-11D3-BF4B-00C04F79EFBC}") = "PureGame.Client", "PureGame.Client\PureGame.Client.csproj", "{623D62EC-6E1C-4617-914C-B9F44ECCF310}"
EndProject
Global
	GlobalSection(SolutionConfigurationPlatforms) = preSolution
		Ad-Hoc|Any CPU = Ad-Hoc|Any CPU
		Ad-Hoc|ARM = Ad-Hoc|ARM
		Ad-Hoc|iPhone = Ad-Hoc|iPhone
		Ad-Hoc|iPhoneSimulator = Ad-Hoc|iPhoneSimulator
		Ad-Hoc|x64 = Ad-Hoc|x64
		Ad-Hoc|x86 = Ad-Hoc|x86
		AppStore|Any CPU = AppStore|Any CPU
		AppStore|ARM = AppStore|ARM
		AppStore|iPhone = AppStore|iPhone
		AppStore|iPhoneSimulator = AppStore|iPhoneSimulator
		AppStore|x64 = AppStore|x64
		AppStore|x86 = AppStore|x86
		Debug|Any CPU = Debug|Any CPU
		Debug|ARM = Debug|ARM
		Debug|iPhone = Debug|iPhone
		Debug|iPhoneSimulator = Debug|iPhoneSimulator
		Debug|x64 = Debug|x64
		Debug|x86 = Debug|x86
		Release|Any CPU = Release|Any CPU
		Release|ARM = Release|ARM
		Release|iPhone = Release|iPhone
		Release|iPhoneSimulator = Release|iPhoneSimulator
		Release|x64 = Release|x64
		Release|x86 = Release|x86
	EndGlobalSection
	GlobalSection(ProjectConfigurationPlatforms) = postSolution
		{483D0287-2401-4822-893B-EBA1B792E055}.Ad-Hoc|Any CPU.ActiveCfg = Release|Any CPU
		{483D0287-2401-4822-893B-EBA1B792E055}.Ad-Hoc|Any CPU.Build.0 = Release|Any CPU
		{483D0287-2401-4822-893B-EBA1B792E055}.Ad-Hoc|ARM.ActiveCfg = Release|Any CPU
		{483D0287-2401-4822-893B-EBA1B792E055}.Ad-Hoc|ARM.Build.0 = Release|Any CPU
		{483D0287-2401-4822-893B-EBA1B792E055}.Ad-Hoc|iPhone.ActiveCfg = Release|Any CPU
		{483D0287-2401-4822-893B-EBA1B792E055}.Ad-Hoc|iPhone.Build.0 = Release|Any CPU
		{483D0287-2401-4822-893B-EBA1B792E055}.Ad-Hoc|iPhoneSimulator.ActiveCfg = Release|Any CPU
		{483D0287-2401-4822-893B-EBA1B792E055}.Ad-Hoc|iPhoneSimulator.Build.0 = Release|Any CPU
		{483D0287-2401-4822-893B-EBA1B792E055}.Ad-Hoc|x64.ActiveCfg = Release|Any CPU
		{483D0287-2401-4822-893B-EBA1B792E055}.Ad-Hoc|x64.Build.0 = Release|Any CPU
		{483D0287-2401-4822-893B-EBA1B792E055}.Ad-Hoc|x86.ActiveCfg = Release|Any CPU
		{483D0287-2401-4822-893B-EBA1B792E055}.Ad-Hoc|x86.Build.0 = Release|Any CPU
		{483D0287-2401-4822-893B-EBA1B792E055}.AppStore|Any CPU.ActiveCfg = Release|Any CPU
		{483D0287-2401-4822-893B-EBA1B792E055}.AppStore|Any CPU.Build.0 = Release|Any CPU
		{483D0287-2401-4822-893B-EBA1B792E055}.AppStore|ARM.ActiveCfg = Release|Any CPU
		{483D0287-2401-4822-893B-EBA1B792E055}.AppStore|ARM.Build.0 = Release|Any CPU
		{483D0287-2401-4822-893B-EBA1B792E055}.AppStore|iPhone.ActiveCfg = Release|Any CPU
		{483D0287-2401-4822-893B-EBA1B792E055}.AppStore|iPhone.Build.0 = Release|Any CPU
		{483D0287-2401-4822-893B-EBA1B792E055}.AppStore|iPhoneSimulator.ActiveCfg = Release|Any CPU
		{483D0287-2401-4822-893B-EBA1B792E055}.AppStore|iPhoneSimulator.Build.0 = Release|Any CPU
		{483D0287-2401-4822-893B-EBA1B792E055}.AppStore|x64.ActiveCfg = Release|Any CPU
		{483D0287-2401-4822-893B-EBA1B792E055}.AppStore|x64.Build.0 = Release|Any CPU
		{483D0287-2401-4822-893B-EBA1B792E055}.AppStore|x86.ActiveCfg = Release|Any CPU
		{483D0287-2401-4822-893B-EBA1B792E055}.AppStore|x86.Build.0 = Release|Any CPU
		{483D0287-2401-4822-893B-EBA1B792E055}.Debug|Any CPU.ActiveCfg = Debug|Any CPU
		{483D0287-2401-4822-893B-EBA1B792E055}.Debug|Any CPU.Build.0 = Debug|Any CPU
		{483D0287-2401-4822-893B-EBA1B792E055}.Debug|ARM.ActiveCfg = Debug|Any CPU
		{483D0287-2401-4822-893B-EBA1B792E055}.Debug|ARM.Build.0 = Debug|Any CPU
		{483D0287-2401-4822-893B-EBA1B792E055}.Debug|iPhone.ActiveCfg = Debug|Any CPU
		{483D0287-2401-4822-893B-EBA1B792E055}.Debug|iPhone.Build.0 = Debug|Any CPU
		{483D0287-2401-4822-893B-EBA1B792E055}.Debug|iPhoneSimulator.ActiveCfg = Debug|Any CPU
		{483D0287-2401-4822-893B-EBA1B792E055}.Debug|iPhoneSimulator.Build.0 = Debug|Any CPU
		{483D0287-2401-4822-893B-EBA1B792E055}.Debug|x64.ActiveCfg = Debug|Any CPU
		{483D0287-2401-4822-893B-EBA1B792E055}.Debug|x64.Build.0 = Debug|Any CPU
		{483D0287-2401-4822-893B-EBA1B792E055}.Debug|x86.ActiveCfg = Debug|Any CPU
		{483D0287-2401-4822-893B-EBA1B792E055}.Debug|x86.Build.0 = Debug|Any CPU
		{483D0287-2401-4822-893B-EBA1B792E055}.Release|Any CPU.ActiveCfg = Release|Any CPU
		{483D0287-2401-4822-893B-EBA1B792E055}.Release|Any CPU.Build.0 = Release|Any CPU
		{483D0287-2401-4822-893B-EBA1B792E055}.Release|ARM.ActiveCfg = Release|Any CPU
		{483D0287-2401-4822-893B-EBA1B792E055}.Release|ARM.Build.0 = Release|Any CPU
		{483D0287-2401-4822-893B-EBA1B792E055}.Release|iPhone.ActiveCfg = Release|Any CPU
		{483D0287-2401-4822-893B-EBA1B792E055}.Release|iPhone.Build.0 = Release|Any CPU
		{483D0287-2401-4822-893B-EBA1B792E055}.Release|iPhoneSimulator.ActiveCfg = Release|Any CPU
		{483D0287-2401-4822-893B-EBA1B792E055}.Release|iPhoneSimulator.Build.0 = Release|Any CPU
		{483D0287-2401-4822-893B-EBA1B792E055}.Release|x64.ActiveCfg = Release|Any CPU
		{483D0287-2401-4822-893B-EBA1B792E055}.Release|x64.Build.0 = Release|Any CPU
		{483D0287-2401-4822-893B-EBA1B792E055}.Release|x86.ActiveCfg = Release|Any CPU
		{483D0287-2401-4822-893B-EBA1B792E055}.Release|x86.Build.0 = Release|Any CPU
		{495BF5A7-DEA5-4B30-9B9B-4BB358CC60E3}.Ad-Hoc|Any CPU.ActiveCfg = Release|Any CPU
		{495BF5A7-DEA5-4B30-9B9B-4BB358CC60E3}.Ad-Hoc|Any CPU.Build.0 = Release|Any CPU
		{495BF5A7-DEA5-4B30-9B9B-4BB358CC60E3}.Ad-Hoc|ARM.ActiveCfg = Release|Any CPU
		{495BF5A7-DEA5-4B30-9B9B-4BB358CC60E3}.Ad-Hoc|ARM.Build.0 = Release|Any CPU
		{495BF5A7-DEA5-4B30-9B9B-4BB358CC60E3}.Ad-Hoc|iPhone.ActiveCfg = Release|Any CPU
		{495BF5A7-DEA5-4B30-9B9B-4BB358CC60E3}.Ad-Hoc|iPhone.Build.0 = Release|Any CPU
		{495BF5A7-DEA5-4B30-9B9B-4BB358CC60E3}.Ad-Hoc|iPhoneSimulator.ActiveCfg = Release|Any CPU
		{495BF5A7-DEA5-4B30-9B9B-4BB358CC60E3}.Ad-Hoc|iPhoneSimulator.Build.0 = Release|Any CPU
		{495BF5A7-DEA5-4B30-9B9B-4BB358CC60E3}.Ad-Hoc|x64.ActiveCfg = Release|Any CPU
		{495BF5A7-DEA5-4B30-9B9B-4BB358CC60E3}.Ad-Hoc|x64.Build.0 = Release|Any CPU
		{495BF5A7-DEA5-4B30-9B9B-4BB358CC60E3}.Ad-Hoc|x86.ActiveCfg = Release|Any CPU
		{495BF5A7-DEA5-4B30-9B9B-4BB358CC60E3}.Ad-Hoc|x86.Build.0 = Release|Any CPU
		{495BF5A7-DEA5-4B30-9B9B-4BB358CC60E3}.AppStore|Any CPU.ActiveCfg = Release|Any CPU
		{495BF5A7-DEA5-4B30-9B9B-4BB358CC60E3}.AppStore|Any CPU.Build.0 = Release|Any CPU
		{495BF5A7-DEA5-4B30-9B9B-4BB358CC60E3}.AppStore|ARM.ActiveCfg = Release|Any CPU
		{495BF5A7-DEA5-4B30-9B9B-4BB358CC60E3}.AppStore|ARM.Build.0 = Release|Any CPU
		{495BF5A7-DEA5-4B30-9B9B-4BB358CC60E3}.AppStore|iPhone.ActiveCfg = Release|Any CPU
		{495BF5A7-DEA5-4B30-9B9B-4BB358CC60E3}.AppStore|iPhone.Build.0 = Release|Any CPU
		{495BF5A7-DEA5-4B30-9B9B-4BB358CC60E3}.AppStore|iPhoneSimulator.ActiveCfg = Release|Any CPU
		{495BF5A7-DEA5-4B30-9B9B-4BB358CC60E3}.AppStore|iPhoneSimulator.Build.0 = Release|Any CPU
		{495BF5A7-DEA5-4B30-9B9B-4BB358CC60E3}.AppStore|x64.ActiveCfg = Release|Any CPU
		{495BF5A7-DEA5-4B30-9B9B-4BB358CC60E3}.AppStore|x64.Build.0 = Release|Any CPU
		{495BF5A7-DEA5-4B30-9B9B-4BB358CC60E3}.AppStore|x86.ActiveCfg = Release|Any CPU
		{495BF5A7-DEA5-4B30-9B9B-4BB358CC60E3}.AppStore|x86.Build.0 = Release|Any CPU
		{495BF5A7-DEA5-4B30-9B9B-4BB358CC60E3}.Debug|Any CPU.ActiveCfg = Debug|Any CPU
		{495BF5A7-DEA5-4B30-9B9B-4BB358CC60E3}.Debug|Any CPU.Build.0 = Debug|Any CPU
		{495BF5A7-DEA5-4B30-9B9B-4BB358CC60E3}.Debug|ARM.ActiveCfg = Debug|Any CPU
		{495BF5A7-DEA5-4B30-9B9B-4BB358CC60E3}.Debug|ARM.Build.0 = Debug|Any CPU
		{495BF5A7-DEA5-4B30-9B9B-4BB358CC60E3}.Debug|iPhone.ActiveCfg = Debug|Any CPU
		{495BF5A7-DEA5-4B30-9B9B-4BB358CC60E3}.Debug|iPhone.Build.0 = Debug|Any CPU
		{495BF5A7-DEA5-4B30-9B9B-4BB358CC60E3}.Debug|iPhoneSimulator.ActiveCfg = Debug|Any CPU
		{495BF5A7-DEA5-4B30-9B9B-4BB358CC60E3}.Debug|iPhoneSimulator.Build.0 = Debug|Any CPU
		{495BF5A7-DEA5-4B30-9B9B-4BB358CC60E3}.Debug|x64.ActiveCfg = Debug|Any CPU
		{495BF5A7-DEA5-4B30-9B9B-4BB358CC60E3}.Debug|x64.Build.0 = Debug|Any CPU
		{495BF5A7-DEA5-4B30-9B9B-4BB358CC60E3}.Debug|x86.ActiveCfg = Debug|Any CPU
		{495BF5A7-DEA5-4B30-9B9B-4BB358CC60E3}.Debug|x86.Build.0 = Debug|Any CPU
		{495BF5A7-DEA5-4B30-9B9B-4BB358CC60E3}.Release|Any CPU.ActiveCfg = Release|Any CPU
		{495BF5A7-DEA5-4B30-9B9B-4BB358CC60E3}.Release|Any CPU.Build.0 = Release|Any CPU
		{495BF5A7-DEA5-4B30-9B9B-4BB358CC60E3}.Release|ARM.ActiveCfg = Release|Any CPU
		{495BF5A7-DEA5-4B30-9B9B-4BB358CC60E3}.Release|ARM.Build.0 = Release|Any CPU
		{495BF5A7-DEA5-4B30-9B9B-4BB358CC60E3}.Release|iPhone.ActiveCfg = Release|Any CPU
		{495BF5A7-DEA5-4B30-9B9B-4BB358CC60E3}.Release|iPhone.Build.0 = Release|Any CPU
		{495BF5A7-DEA5-4B30-9B9B-4BB358CC60E3}.Release|iPhoneSimulator.ActiveCfg = Release|Any CPU
		{495BF5A7-DEA5-4B30-9B9B-4BB358CC60E3}.Release|iPhoneSimulator.Build.0 = Release|Any CPU
		{495BF5A7-DEA5-4B30-9B9B-4BB358CC60E3}.Release|x64.ActiveCfg = Release|Any CPU
		{495BF5A7-DEA5-4B30-9B9B-4BB358CC60E3}.Release|x64.Build.0 = Release|Any CPU
		{495BF5A7-DEA5-4B30-9B9B-4BB358CC60E3}.Release|x86.ActiveCfg = Release|Any CPU
		{495BF5A7-DEA5-4B30-9B9B-4BB358CC60E3}.Release|x86.Build.0 = Release|Any CPU
		{1836813D-C2AB-4654-B6C5-C6BA72BF5644}.Ad-Hoc|Any CPU.ActiveCfg = Release|Any CPU
		{1836813D-C2AB-4654-B6C5-C6BA72BF5644}.Ad-Hoc|Any CPU.Build.0 = Release|Any CPU
		{1836813D-C2AB-4654-B6C5-C6BA72BF5644}.Ad-Hoc|ARM.ActiveCfg = Release|Any CPU
		{1836813D-C2AB-4654-B6C5-C6BA72BF5644}.Ad-Hoc|ARM.Build.0 = Release|Any CPU
		{1836813D-C2AB-4654-B6C5-C6BA72BF5644}.Ad-Hoc|iPhone.ActiveCfg = Release|Any CPU
		{1836813D-C2AB-4654-B6C5-C6BA72BF5644}.Ad-Hoc|iPhone.Build.0 = Release|Any CPU
		{1836813D-C2AB-4654-B6C5-C6BA72BF5644}.Ad-Hoc|iPhoneSimulator.ActiveCfg = Release|Any CPU
		{1836813D-C2AB-4654-B6C5-C6BA72BF5644}.Ad-Hoc|iPhoneSimulator.Build.0 = Release|Any CPU
		{1836813D-C2AB-4654-B6C5-C6BA72BF5644}.Ad-Hoc|x64.ActiveCfg = Release|Any CPU
		{1836813D-C2AB-4654-B6C5-C6BA72BF5644}.Ad-Hoc|x64.Build.0 = Release|Any CPU
		{1836813D-C2AB-4654-B6C5-C6BA72BF5644}.Ad-Hoc|x86.ActiveCfg = Release|Any CPU
		{1836813D-C2AB-4654-B6C5-C6BA72BF5644}.Ad-Hoc|x86.Build.0 = Release|Any CPU
		{1836813D-C2AB-4654-B6C5-C6BA72BF5644}.AppStore|Any CPU.ActiveCfg = Release|Any CPU
		{1836813D-C2AB-4654-B6C5-C6BA72BF5644}.AppStore|Any CPU.Build.0 = Release|Any CPU
		{1836813D-C2AB-4654-B6C5-C6BA72BF5644}.AppStore|ARM.ActiveCfg = Release|Any CPU
		{1836813D-C2AB-4654-B6C5-C6BA72BF5644}.AppStore|ARM.Build.0 = Release|Any CPU
		{1836813D-C2AB-4654-B6C5-C6BA72BF5644}.AppStore|iPhone.ActiveCfg = Release|Any CPU
		{1836813D-C2AB-4654-B6C5-C6BA72BF5644}.AppStore|iPhone.Build.0 = Release|Any CPU
		{1836813D-C2AB-4654-B6C5-C6BA72BF5644}.AppStore|iPhoneSimulator.ActiveCfg = Release|Any CPU
		{1836813D-C2AB-4654-B6C5-C6BA72BF5644}.AppStore|iPhoneSimulator.Build.0 = Release|Any CPU
		{1836813D-C2AB-4654-B6C5-C6BA72BF5644}.AppStore|x64.ActiveCfg = Release|Any CPU
		{1836813D-C2AB-4654-B6C5-C6BA72BF5644}.AppStore|x64.Build.0 = Release|Any CPU
		{1836813D-C2AB-4654-B6C5-C6BA72BF5644}.AppStore|x86.ActiveCfg = Release|Any CPU
		{1836813D-C2AB-4654-B6C5-C6BA72BF5644}.AppStore|x86.Build.0 = Release|Any CPU
		{1836813D-C2AB-4654-B6C5-C6BA72BF5644}.Debug|Any CPU.ActiveCfg = Debug|Any CPU
		{1836813D-C2AB-4654-B6C5-C6BA72BF5644}.Debug|Any CPU.Build.0 = Debug|Any CPU
		{1836813D-C2AB-4654-B6C5-C6BA72BF5644}.Debug|ARM.ActiveCfg = Debug|Any CPU
		{1836813D-C2AB-4654-B6C5-C6BA72BF5644}.Debug|ARM.Build.0 = Debug|Any CPU
		{1836813D-C2AB-4654-B6C5-C6BA72BF5644}.Debug|iPhone.ActiveCfg = Debug|Any CPU
		{1836813D-C2AB-4654-B6C5-C6BA72BF5644}.Debug|iPhone.Build.0 = Debug|Any CPU
		{1836813D-C2AB-4654-B6C5-C6BA72BF5644}.Debug|iPhoneSimulator.ActiveCfg = Debug|Any CPU
		{1836813D-C2AB-4654-B6C5-C6BA72BF5644}.Debug|iPhoneSimulator.Build.0 = Debug|Any CPU
		{1836813D-C2AB-4654-B6C5-C6BA72BF5644}.Debug|x64.ActiveCfg = Debug|Any CPU
		{1836813D-C2AB-4654-B6C5-C6BA72BF5644}.Debug|x64.Build.0 = Debug|Any CPU
		{1836813D-C2AB-4654-B6C5-C6BA72BF5644}.Debug|x86.ActiveCfg = Debug|Any CPU
		{1836813D-C2AB-4654-B6C5-C6BA72BF5644}.Debug|x86.Build.0 = Debug|Any CPU
		{1836813D-C2AB-4654-B6C5-C6BA72BF5644}.Release|Any CPU.ActiveCfg = Release|Any CPU
		{1836813D-C2AB-4654-B6C5-C6BA72BF5644}.Release|Any CPU.Build.0 = Release|Any CPU
		{1836813D-C2AB-4654-B6C5-C6BA72BF5644}.Release|ARM.ActiveCfg = Release|Any CPU
		{1836813D-C2AB-4654-B6C5-C6BA72BF5644}.Release|ARM.Build.0 = Release|Any CPU
		{1836813D-C2AB-4654-B6C5-C6BA72BF5644}.Release|iPhone.ActiveCfg = Release|Any CPU
		{1836813D-C2AB-4654-B6C5-C6BA72BF5644}.Release|iPhone.Build.0 = Release|Any CPU
		{1836813D-C2AB-4654-B6C5-C6BA72BF5644}.Release|iPhoneSimulator.ActiveCfg = Release|Any CPU
		{1836813D-C2AB-4654-B6C5-C6BA72BF5644}.Release|iPhoneSimulator.Build.0 = Release|Any CPU
		{1836813D-C2AB-4654-B6C5-C6BA72BF5644}.Release|x64.ActiveCfg = Release|Any CPU
		{1836813D-C2AB-4654-B6C5-C6BA72BF5644}.Release|x64.Build.0 = Release|Any CPU
		{1836813D-C2AB-4654-B6C5-C6BA72BF5644}.Release|x86.ActiveCfg = Release|Any CPU
		{1836813D-C2AB-4654-B6C5-C6BA72BF5644}.Release|x86.Build.0 = Release|Any CPU
		{2AA1704F-5832-4E27-83DE-2491FACBFCF2}.Ad-Hoc|Any CPU.ActiveCfg = Release|x86
		{2AA1704F-5832-4E27-83DE-2491FACBFCF2}.Ad-Hoc|Any CPU.Build.0 = Release|x86
		{2AA1704F-5832-4E27-83DE-2491FACBFCF2}.Ad-Hoc|ARM.ActiveCfg = Release|x86
		{2AA1704F-5832-4E27-83DE-2491FACBFCF2}.Ad-Hoc|ARM.Build.0 = Release|x86
		{2AA1704F-5832-4E27-83DE-2491FACBFCF2}.Ad-Hoc|iPhone.ActiveCfg = Release|x86
		{2AA1704F-5832-4E27-83DE-2491FACBFCF2}.Ad-Hoc|iPhone.Build.0 = Release|x86
		{2AA1704F-5832-4E27-83DE-2491FACBFCF2}.Ad-Hoc|iPhoneSimulator.ActiveCfg = Release|x86
		{2AA1704F-5832-4E27-83DE-2491FACBFCF2}.Ad-Hoc|iPhoneSimulator.Build.0 = Release|x86
		{2AA1704F-5832-4E27-83DE-2491FACBFCF2}.Ad-Hoc|x64.ActiveCfg = Release|x86
		{2AA1704F-5832-4E27-83DE-2491FACBFCF2}.Ad-Hoc|x64.Build.0 = Release|x86
		{2AA1704F-5832-4E27-83DE-2491FACBFCF2}.Ad-Hoc|x86.ActiveCfg = Release|x86
		{2AA1704F-5832-4E27-83DE-2491FACBFCF2}.Ad-Hoc|x86.Build.0 = Release|x86
		{2AA1704F-5832-4E27-83DE-2491FACBFCF2}.AppStore|Any CPU.ActiveCfg = Release|x86
		{2AA1704F-5832-4E27-83DE-2491FACBFCF2}.AppStore|Any CPU.Build.0 = Release|x86
		{2AA1704F-5832-4E27-83DE-2491FACBFCF2}.AppStore|ARM.ActiveCfg = Release|x86
		{2AA1704F-5832-4E27-83DE-2491FACBFCF2}.AppStore|ARM.Build.0 = Release|x86
		{2AA1704F-5832-4E27-83DE-2491FACBFCF2}.AppStore|iPhone.ActiveCfg = Release|x86
		{2AA1704F-5832-4E27-83DE-2491FACBFCF2}.AppStore|iPhone.Build.0 = Release|x86
		{2AA1704F-5832-4E27-83DE-2491FACBFCF2}.AppStore|iPhoneSimulator.ActiveCfg = Release|x86
		{2AA1704F-5832-4E27-83DE-2491FACBFCF2}.AppStore|iPhoneSimulator.Build.0 = Release|x86
		{2AA1704F-5832-4E27-83DE-2491FACBFCF2}.AppStore|x64.ActiveCfg = Release|x86
		{2AA1704F-5832-4E27-83DE-2491FACBFCF2}.AppStore|x64.Build.0 = Release|x86
		{2AA1704F-5832-4E27-83DE-2491FACBFCF2}.AppStore|x86.ActiveCfg = Release|x86
		{2AA1704F-5832-4E27-83DE-2491FACBFCF2}.AppStore|x86.Build.0 = Release|x86
		{2AA1704F-5832-4E27-83DE-2491FACBFCF2}.Debug|Any CPU.ActiveCfg = Debug|x86
		{2AA1704F-5832-4E27-83DE-2491FACBFCF2}.Debug|Any CPU.Build.0 = Debug|x86
		{2AA1704F-5832-4E27-83DE-2491FACBFCF2}.Debug|ARM.ActiveCfg = Debug|x86
		{2AA1704F-5832-4E27-83DE-2491FACBFCF2}.Debug|iPhone.ActiveCfg = Debug|x86
		{2AA1704F-5832-4E27-83DE-2491FACBFCF2}.Debug|iPhoneSimulator.ActiveCfg = Debug|x86
		{2AA1704F-5832-4E27-83DE-2491FACBFCF2}.Debug|x64.ActiveCfg = Debug|x86
		{2AA1704F-5832-4E27-83DE-2491FACBFCF2}.Debug|x86.ActiveCfg = Debug|x86
		{2AA1704F-5832-4E27-83DE-2491FACBFCF2}.Debug|x86.Build.0 = Debug|x86
		{2AA1704F-5832-4E27-83DE-2491FACBFCF2}.Release|Any CPU.ActiveCfg = Release|x86
		{2AA1704F-5832-4E27-83DE-2491FACBFCF2}.Release|ARM.ActiveCfg = Release|x86
		{2AA1704F-5832-4E27-83DE-2491FACBFCF2}.Release|iPhone.ActiveCfg = Release|x86
		{2AA1704F-5832-4E27-83DE-2491FACBFCF2}.Release|iPhoneSimulator.ActiveCfg = Release|x86
		{2AA1704F-5832-4E27-83DE-2491FACBFCF2}.Release|x64.ActiveCfg = Release|x86
		{2AA1704F-5832-4E27-83DE-2491FACBFCF2}.Release|x86.ActiveCfg = Release|x86
		{2AA1704F-5832-4E27-83DE-2491FACBFCF2}.Release|x86.Build.0 = Release|x86
		{623D62EC-6E1C-4617-914C-B9F44ECCF310}.Ad-Hoc|Any CPU.ActiveCfg = Release|Any CPU
		{623D62EC-6E1C-4617-914C-B9F44ECCF310}.Ad-Hoc|Any CPU.Build.0 = Release|Any CPU
		{623D62EC-6E1C-4617-914C-B9F44ECCF310}.Ad-Hoc|ARM.ActiveCfg = Release|Any CPU
		{623D62EC-6E1C-4617-914C-B9F44ECCF310}.Ad-Hoc|ARM.Build.0 = Release|Any CPU
		{623D62EC-6E1C-4617-914C-B9F44ECCF310}.Ad-Hoc|iPhone.ActiveCfg = Release|Any CPU
		{623D62EC-6E1C-4617-914C-B9F44ECCF310}.Ad-Hoc|iPhone.Build.0 = Release|Any CPU
		{623D62EC-6E1C-4617-914C-B9F44ECCF310}.Ad-Hoc|iPhoneSimulator.ActiveCfg = Release|Any CPU
		{623D62EC-6E1C-4617-914C-B9F44ECCF310}.Ad-Hoc|iPhoneSimulator.Build.0 = Release|Any CPU
		{623D62EC-6E1C-4617-914C-B9F44ECCF310}.Ad-Hoc|x64.ActiveCfg = Release|Any CPU
		{623D62EC-6E1C-4617-914C-B9F44ECCF310}.Ad-Hoc|x64.Build.0 = Release|Any CPU
		{623D62EC-6E1C-4617-914C-B9F44ECCF310}.Ad-Hoc|x86.ActiveCfg = Release|Any CPU
		{623D62EC-6E1C-4617-914C-B9F44ECCF310}.Ad-Hoc|x86.Build.0 = Release|Any CPU
		{623D62EC-6E1C-4617-914C-B9F44ECCF310}.AppStore|Any CPU.ActiveCfg = Release|Any CPU
		{623D62EC-6E1C-4617-914C-B9F44ECCF310}.AppStore|Any CPU.Build.0 = Release|Any CPU
		{623D62EC-6E1C-4617-914C-B9F44ECCF310}.AppStore|ARM.ActiveCfg = Release|Any CPU
		{623D62EC-6E1C-4617-914C-B9F44ECCF310}.AppStore|ARM.Build.0 = Release|Any CPU
		{623D62EC-6E1C-4617-914C-B9F44ECCF310}.AppStore|iPhone.ActiveCfg = Release|Any CPU
		{623D62EC-6E1C-4617-914C-B9F44ECCF310}.AppStore|iPhone.Build.0 = Release|Any CPU
		{623D62EC-6E1C-4617-914C-B9F44ECCF310}.AppStore|iPhoneSimulator.ActiveCfg = Release|Any CPU
		{623D62EC-6E1C-4617-914C-B9F44ECCF310}.AppStore|iPhoneSimulator.Build.0 = Release|Any CPU
		{623D62EC-6E1C-4617-914C-B9F44ECCF310}.AppStore|x64.ActiveCfg = Release|Any CPU
		{623D62EC-6E1C-4617-914C-B9F44ECCF310}.AppStore|x64.Build.0 = Release|Any CPU
		{623D62EC-6E1C-4617-914C-B9F44ECCF310}.AppStore|x86.ActiveCfg = Release|Any CPU
		{623D62EC-6E1C-4617-914C-B9F44ECCF310}.AppStore|x86.Build.0 = Release|Any CPU
		{623D62EC-6E1C-4617-914C-B9F44ECCF310}.Debug|Any CPU.ActiveCfg = Debug|Any CPU
		{623D62EC-6E1C-4617-914C-B9F44ECCF310}.Debug|Any CPU.Build.0 = Debug|Any CPU
		{623D62EC-6E1C-4617-914C-B9F44ECCF310}.Debug|ARM.ActiveCfg = Debug|Any CPU
		{623D62EC-6E1C-4617-914C-B9F44ECCF310}.Debug|ARM.Build.0 = Debug|Any CPU
		{623D62EC-6E1C-4617-914C-B9F44ECCF310}.Debug|iPhone.ActiveCfg = Debug|Any CPU
		{623D62EC-6E1C-4617-914C-B9F44ECCF310}.Debug|iPhone.Build.0 = Debug|Any CPU
		{623D62EC-6E1C-4617-914C-B9F44ECCF310}.Debug|iPhoneSimulator.ActiveCfg = Debug|Any CPU
		{623D62EC-6E1C-4617-914C-B9F44ECCF310}.Debug|iPhoneSimulator.Build.0 = Debug|Any CPU
		{623D62EC-6E1C-4617-914C-B9F44ECCF310}.Debug|x64.ActiveCfg = Debug|Any CPU
		{623D62EC-6E1C-4617-914C-B9F44ECCF310}.Debug|x64.Build.0 = Debug|Any CPU
		{623D62EC-6E1C-4617-914C-B9F44ECCF310}.Debug|x86.ActiveCfg = Debug|Any CPU
		{623D62EC-6E1C-4617-914C-B9F44ECCF310}.Debug|x86.Build.0 = Debug|Any CPU
		{623D62EC-6E1C-4617-914C-B9F44ECCF310}.Release|Any CPU.ActiveCfg = Release|Any CPU
		{623D62EC-6E1C-4617-914C-B9F44ECCF310}.Release|Any CPU.Build.0 = Release|Any CPU
		{623D62EC-6E1C-4617-914C-B9F44ECCF310}.Release|ARM.ActiveCfg = Release|Any CPU
		{623D62EC-6E1C-4617-914C-B9F44ECCF310}.Release|ARM.Build.0 = Release|Any CPU
		{623D62EC-6E1C-4617-914C-B9F44ECCF310}.Release|iPhone.ActiveCfg = Release|Any CPU
		{623D62EC-6E1C-4617-914C-B9F44ECCF310}.Release|iPhone.Build.0 = Release|Any CPU
		{623D62EC-6E1C-4617-914C-B9F44ECCF310}.Release|iPhoneSimulator.ActiveCfg = Release|Any CPU
		{623D62EC-6E1C-4617-914C-B9F44ECCF310}.Release|iPhoneSimulator.Build.0 = Release|Any CPU
		{623D62EC-6E1C-4617-914C-B9F44ECCF310}.Release|x64.ActiveCfg = Release|Any CPU
		{623D62EC-6E1C-4617-914C-B9F44ECCF310}.Release|x64.Build.0 = Release|Any CPU
		{623D62EC-6E1C-4617-914C-B9F44ECCF310}.Release|x86.ActiveCfg = Release|Any CPU
		{623D62EC-6E1C-4617-914C-B9F44ECCF310}.Release|x86.Build.0 = Release|Any CPU
	EndGlobalSection
	GlobalSection(SolutionProperties) = preSolution
		HideSolutionNode = FALSE
	EndGlobalSection
EndGlobal
