
Microsoft Visual Studio Solution File, Format Version 12.00
# Visual Studio 14
VisualStudioVersion = 14.0.25420.1
MinimumVisualStudioVersion = 10.0.40219.1
Project("{FAE04EC0-301F-11D3-BF4B-00C04F79EFBC}") = "PureGame", "PureGame\PureGame.csproj", "{483D0287-2401-4822-893B-EBA1B792E055}"
EndProject
Project("{FAE04EC0-301F-11D3-BF4B-00C04F79EFBC}") = "PureGame.Client", "PureGame.Render\PureGame.Client.csproj", "{495BF5A7-DEA5-4B30-9B9B-4BB358CC60E3}"
EndProject
Project("{FAE04EC0-301F-11D3-BF4B-00C04F79EFBC}") = "PureGame.DesktopGl", "PureGame.DesktopGl\PureGame.DesktopGl.csproj", "{2AA1704F-5832-4E27-83DE-2491FACBFCF2}"
EndProject
Project("{2150E333-8FDC-42A3-9474-1A3956D46DE8}") = "Deployables", "Deployables", "{45F6C0E0-A4DB-4A16-B53A-68022DB3E0C8}"
EndProject
Project("{FAE04EC0-301F-11D3-BF4B-00C04F79EFBC}") = "PureGame.Content", "PureGame.Content\PureGame.Content.csproj", "{C98927D5-511D-4F66-A8BB-938BD6D11935}"
EndProject
Project("{FAE04EC0-301F-11D3-BF4B-00C04F79EFBC}") = "PureGame.Deploy", "PureGame.Deploy\PureGame.Deploy.csproj", "{84968B90-7A49-4149-B217-50D48A59F9D6}"
EndProject
Project("{2150E333-8FDC-42A3-9474-1A3956D46DE8}") = "Tests", "Tests", "{5715A33A-C544-454F-B6DD-D9F3067C0FB4}"
EndProject
Project("{FAE04EC0-301F-11D3-BF4B-00C04F79EFBC}") = "PureGame.Tests", "PureGame.Tests\PureGame.Tests.csproj", "{067456C0-086C-46A8-B37F-1405717B7BFC}"
EndProject
Project("{FAE04EC0-301F-11D3-BF4B-00C04F79EFBC}") = "PureGame.Client.Tests", "PureGame.Client.Tests\PureGame.Client.Tests.csproj", "{75D65DA3-30BC-4F2C-9AC0-BEF9761D4C27}"
EndProject
Global
	GlobalSection(SolutionConfigurationPlatforms) = preSolution
		Ad-Hoc|Any CPU = Ad-Hoc|Any CPU
		Ad-Hoc|ARM = Ad-Hoc|ARM
		Ad-Hoc|iPhone = Ad-Hoc|iPhone
		Ad-Hoc|iPhoneSimulator = Ad-Hoc|iPhoneSimulator
		Ad-Hoc|x64 = Ad-Hoc|x64
		Ad-Hoc|x86 = Ad-Hoc|x86
		AppStore|Any CPU = AppStore|Any CPU
		AppStore|ARM = AppStore|ARM
		AppStore|iPhone = AppStore|iPhone
		AppStore|iPhoneSimulator = AppStore|iPhoneSimulator
		AppStore|x64 = AppStore|x64
		AppStore|x86 = AppStore|x86
		Debug|Any CPU = Debug|Any CPU
		Debug|ARM = Debug|ARM
		Debug|iPhone = Debug|iPhone
		Debug|iPhoneSimulator = Debug|iPhoneSimulator
		Debug|x64 = Debug|x64
		Debug|x86 = Debug|x86
		Release|Any CPU = Release|Any CPU
		Release|ARM = Release|ARM
		Release|iPhone = Release|iPhone
		Release|iPhoneSimulator = Release|iPhoneSimulator
		Release|x64 = Release|x64
		Release|x86 = Release|x86
	EndGlobalSection
	GlobalSection(ProjectConfigurationPlatforms) = postSolution
		{483D0287-2401-4822-893B-EBA1B792E055}.Ad-Hoc|Any CPU.ActiveCfg = Release|Any CPU
		{483D0287-2401-4822-893B-EBA1B792E055}.Ad-Hoc|Any CPU.Build.0 = Release|Any CPU
		{483D0287-2401-4822-893B-EBA1B792E055}.Ad-Hoc|ARM.ActiveCfg = Release|Any CPU
		{483D0287-2401-4822-893B-EBA1B792E055}.Ad-Hoc|ARM.Build.0 = Release|Any CPU
		{483D0287-2401-4822-893B-EBA1B792E055}.Ad-Hoc|iPhone.ActiveCfg = Release|Any CPU
		{483D0287-2401-4822-893B-EBA1B792E055}.Ad-Hoc|iPhone.Build.0 = Release|Any CPU
		{483D0287-2401-4822-893B-EBA1B792E055}.Ad-Hoc|iPhoneSimulator.ActiveCfg = Release|Any CPU
		{483D0287-2401-4822-893B-EBA1B792E055}.Ad-Hoc|iPhoneSimulator.Build.0 = Release|Any CPU
		{483D0287-2401-4822-893B-EBA1B792E055}.Ad-Hoc|x64.ActiveCfg = Release|Any CPU
		{483D0287-2401-4822-893B-EBA1B792E055}.Ad-Hoc|x64.Build.0 = Release|Any CPU
		{483D0287-2401-4822-893B-EBA1B792E055}.Ad-Hoc|x86.ActiveCfg = Release|Any CPU
		{483D0287-2401-4822-893B-EBA1B792E055}.Ad-Hoc|x86.Build.0 = Release|Any CPU
		{483D0287-2401-4822-893B-EBA1B792E055}.AppStore|Any CPU.ActiveCfg = Release|Any CPU
		{483D0287-2401-4822-893B-EBA1B792E055}.AppStore|Any CPU.Build.0 = Release|Any CPU
		{483D0287-2401-4822-893B-EBA1B792E055}.AppStore|ARM.ActiveCfg = Release|Any CPU
		{483D0287-2401-4822-893B-EBA1B792E055}.AppStore|ARM.Build.0 = Release|Any CPU
		{483D0287-2401-4822-893B-EBA1B792E055}.AppStore|iPhone.ActiveCfg = Release|Any CPU
		{483D0287-2401-4822-893B-EBA1B792E055}.AppStore|iPhone.Build.0 = Release|Any CPU
		{483D0287-2401-4822-893B-EBA1B792E055}.AppStore|iPhoneSimulator.ActiveCfg = Release|Any CPU
		{483D0287-2401-4822-893B-EBA1B792E055}.AppStore|iPhoneSimulator.Build.0 = Release|Any CPU
		{483D0287-2401-4822-893B-EBA1B792E055}.AppStore|x64.ActiveCfg = Release|Any CPU
		{483D0287-2401-4822-893B-EBA1B792E055}.AppStore|x64.Build.0 = Release|Any CPU
		{483D0287-2401-4822-893B-EBA1B792E055}.AppStore|x86.ActiveCfg = Release|Any CPU
		{483D0287-2401-4822-893B-EBA1B792E055}.AppStore|x86.Build.0 = Release|Any CPU
		{483D0287-2401-4822-893B-EBA1B792E055}.Debug|Any CPU.ActiveCfg = Debug|Any CPU
		{483D0287-2401-4822-893B-EBA1B792E055}.Debug|Any CPU.Build.0 = Debug|Any CPU
		{483D0287-2401-4822-893B-EBA1B792E055}.Debug|ARM.ActiveCfg = Debug|Any CPU
		{483D0287-2401-4822-893B-EBA1B792E055}.Debug|ARM.Build.0 = Debug|Any CPU
		{483D0287-2401-4822-893B-EBA1B792E055}.Debug|iPhone.ActiveCfg = Debug|Any CPU
		{483D0287-2401-4822-893B-EBA1B792E055}.Debug|iPhone.Build.0 = Debug|Any CPU
		{483D0287-2401-4822-893B-EBA1B792E055}.Debug|iPhoneSimulator.ActiveCfg = Debug|Any CPU
		{483D0287-2401-4822-893B-EBA1B792E055}.Debug|iPhoneSimulator.Build.0 = Debug|Any CPU
		{483D0287-2401-4822-893B-EBA1B792E055}.Debug|x64.ActiveCfg = Debug|Any CPU
		{483D0287-2401-4822-893B-EBA1B792E055}.Debug|x64.Build.0 = Debug|Any CPU
		{483D0287-2401-4822-893B-EBA1B792E055}.Debug|x86.ActiveCfg = Debug|Any CPU
		{483D0287-2401-4822-893B-EBA1B792E055}.Debug|x86.Build.0 = Debug|Any CPU
		{483D0287-2401-4822-893B-EBA1B792E055}.Release|Any CPU.ActiveCfg = Release|Any CPU
		{483D0287-2401-4822-893B-EBA1B792E055}.Release|Any CPU.Build.0 = Release|Any CPU
		{483D0287-2401-4822-893B-EBA1B792E055}.Release|ARM.ActiveCfg = Release|Any CPU
		{483D0287-2401-4822-893B-EBA1B792E055}.Release|ARM.Build.0 = Release|Any CPU
		{483D0287-2401-4822-893B-EBA1B792E055}.Release|iPhone.ActiveCfg = Release|Any CPU
		{483D0287-2401-4822-893B-EBA1B792E055}.Release|iPhone.Build.0 = Release|Any CPU
		{483D0287-2401-4822-893B-EBA1B792E055}.Release|iPhoneSimulator.ActiveCfg = Release|Any CPU
		{483D0287-2401-4822-893B-EBA1B792E055}.Release|iPhoneSimulator.Build.0 = Release|Any CPU
		{483D0287-2401-4822-893B-EBA1B792E055}.Release|x64.ActiveCfg = Release|Any CPU
		{483D0287-2401-4822-893B-EBA1B792E055}.Release|x64.Build.0 = Release|Any CPU
		{483D0287-2401-4822-893B-EBA1B792E055}.Release|x86.ActiveCfg = Release|Any CPU
		{483D0287-2401-4822-893B-EBA1B792E055}.Release|x86.Build.0 = Release|Any CPU
		{495BF5A7-DEA5-4B30-9B9B-4BB358CC60E3}.Ad-Hoc|Any CPU.ActiveCfg = Release|Any CPU
		{495BF5A7-DEA5-4B30-9B9B-4BB358CC60E3}.Ad-Hoc|Any CPU.Build.0 = Release|Any CPU
		{495BF5A7-DEA5-4B30-9B9B-4BB358CC60E3}.Ad-Hoc|ARM.ActiveCfg = Release|Any CPU
		{495BF5A7-DEA5-4B30-9B9B-4BB358CC60E3}.Ad-Hoc|ARM.Build.0 = Release|Any CPU
		{495BF5A7-DEA5-4B30-9B9B-4BB358CC60E3}.Ad-Hoc|iPhone.ActiveCfg = Release|Any CPU
		{495BF5A7-DEA5-4B30-9B9B-4BB358CC60E3}.Ad-Hoc|iPhone.Build.0 = Release|Any CPU
		{495BF5A7-DEA5-4B30-9B9B-4BB358CC60E3}.Ad-Hoc|iPhoneSimulator.ActiveCfg = Release|Any CPU
		{495BF5A7-DEA5-4B30-9B9B-4BB358CC60E3}.Ad-Hoc|iPhoneSimulator.Build.0 = Release|Any CPU
		{495BF5A7-DEA5-4B30-9B9B-4BB358CC60E3}.Ad-Hoc|x64.ActiveCfg = Release|Any CPU
		{495BF5A7-DEA5-4B30-9B9B-4BB358CC60E3}.Ad-Hoc|x64.Build.0 = Release|Any CPU
		{495BF5A7-DEA5-4B30-9B9B-4BB358CC60E3}.Ad-Hoc|x86.ActiveCfg = Release|Any CPU
		{495BF5A7-DEA5-4B30-9B9B-4BB358CC60E3}.Ad-Hoc|x86.Build.0 = Release|Any CPU
		{495BF5A7-DEA5-4B30-9B9B-4BB358CC60E3}.AppStore|Any CPU.ActiveCfg = Release|Any CPU
		{495BF5A7-DEA5-4B30-9B9B-4BB358CC60E3}.AppStore|Any CPU.Build.0 = Release|Any CPU
		{495BF5A7-DEA5-4B30-9B9B-4BB358CC60E3}.AppStore|ARM.ActiveCfg = Release|Any CPU
		{495BF5A7-DEA5-4B30-9B9B-4BB358CC60E3}.AppStore|ARM.Build.0 = Release|Any CPU
		{495BF5A7-DEA5-4B30-9B9B-4BB358CC60E3}.AppStore|iPhone.ActiveCfg = Release|Any CPU
		{495BF5A7-DEA5-4B30-9B9B-4BB358CC60E3}.AppStore|iPhone.Build.0 = Release|Any CPU
		{495BF5A7-DEA5-4B30-9B9B-4BB358CC60E3}.AppStore|iPhoneSimulator.ActiveCfg = Release|Any CPU
		{495BF5A7-DEA5-4B30-9B9B-4BB358CC60E3}.AppStore|iPhoneSimulator.Build.0 = Release|Any CPU
		{495BF5A7-DEA5-4B30-9B9B-4BB358CC60E3}.AppStore|x64.ActiveCfg = Release|Any CPU
		{495BF5A7-DEA5-4B30-9B9B-4BB358CC60E3}.AppStore|x64.Build.0 = Release|Any CPU
		{495BF5A7-DEA5-4B30-9B9B-4BB358CC60E3}.AppStore|x86.ActiveCfg = Release|Any CPU
		{495BF5A7-DEA5-4B30-9B9B-4BB358CC60E3}.AppStore|x86.Build.0 = Release|Any CPU
		{495BF5A7-DEA5-4B30-9B9B-4BB358CC60E3}.Debug|Any CPU.ActiveCfg = Debug|Any CPU
		{495BF5A7-DEA5-4B30-9B9B-4BB358CC60E3}.Debug|Any CPU.Build.0 = Debug|Any CPU
		{495BF5A7-DEA5-4B30-9B9B-4BB358CC60E3}.Debug|ARM.ActiveCfg = Debug|Any CPU
		{495BF5A7-DEA5-4B30-9B9B-4BB358CC60E3}.Debug|ARM.Build.0 = Debug|Any CPU
		{495BF5A7-DEA5-4B30-9B9B-4BB358CC60E3}.Debug|iPhone.ActiveCfg = Debug|Any CPU
		{495BF5A7-DEA5-4B30-9B9B-4BB358CC60E3}.Debug|iPhone.Build.0 = Debug|Any CPU
		{495BF5A7-DEA5-4B30-9B9B-4BB358CC60E3}.Debug|iPhoneSimulator.ActiveCfg = Debug|Any CPU
		{495BF5A7-DEA5-4B30-9B9B-4BB358CC60E3}.Debug|iPhoneSimulator.Build.0 = Debug|Any CPU
		{495BF5A7-DEA5-4B30-9B9B-4BB358CC60E3}.Debug|x64.ActiveCfg = Debug|Any CPU
		{495BF5A7-DEA5-4B30-9B9B-4BB358CC60E3}.Debug|x64.Build.0 = Debug|Any CPU
		{495BF5A7-DEA5-4B30-9B9B-4BB358CC60E3}.Debug|x86.ActiveCfg = Debug|Any CPU
		{495BF5A7-DEA5-4B30-9B9B-4BB358CC60E3}.Debug|x86.Build.0 = Debug|Any CPU
		{495BF5A7-DEA5-4B30-9B9B-4BB358CC60E3}.Release|Any CPU.ActiveCfg = Release|Any CPU
		{495BF5A7-DEA5-4B30-9B9B-4BB358CC60E3}.Release|Any CPU.Build.0 = Release|Any CPU
		{495BF5A7-DEA5-4B30-9B9B-4BB358CC60E3}.Release|ARM.ActiveCfg = Release|Any CPU
		{495BF5A7-DEA5-4B30-9B9B-4BB358CC60E3}.Release|ARM.Build.0 = Release|Any CPU
		{495BF5A7-DEA5-4B30-9B9B-4BB358CC60E3}.Release|iPhone.ActiveCfg = Release|Any CPU
		{495BF5A7-DEA5-4B30-9B9B-4BB358CC60E3}.Release|iPhone.Build.0 = Release|Any CPU
		{495BF5A7-DEA5-4B30-9B9B-4BB358CC60E3}.Release|iPhoneSimulator.ActiveCfg = Release|Any CPU
		{495BF5A7-DEA5-4B30-9B9B-4BB358CC60E3}.Release|iPhoneSimulator.Build.0 = Release|Any CPU
		{495BF5A7-DEA5-4B30-9B9B-4BB358CC60E3}.Release|x64.ActiveCfg = Release|Any CPU
		{495BF5A7-DEA5-4B30-9B9B-4BB358CC60E3}.Release|x64.Build.0 = Release|Any CPU
		{495BF5A7-DEA5-4B30-9B9B-4BB358CC60E3}.Release|x86.ActiveCfg = Release|Any CPU
		{495BF5A7-DEA5-4B30-9B9B-4BB358CC60E3}.Release|x86.Build.0 = Release|Any CPU
		{2AA1704F-5832-4E27-83DE-2491FACBFCF2}.Ad-Hoc|Any CPU.ActiveCfg = Release|x86
		{2AA1704F-5832-4E27-83DE-2491FACBFCF2}.Ad-Hoc|Any CPU.Build.0 = Release|x86
		{2AA1704F-5832-4E27-83DE-2491FACBFCF2}.Ad-Hoc|ARM.ActiveCfg = Release|x86
		{2AA1704F-5832-4E27-83DE-2491FACBFCF2}.Ad-Hoc|ARM.Build.0 = Release|x86
		{2AA1704F-5832-4E27-83DE-2491FACBFCF2}.Ad-Hoc|iPhone.ActiveCfg = Release|x86
		{2AA1704F-5832-4E27-83DE-2491FACBFCF2}.Ad-Hoc|iPhone.Build.0 = Release|x86
		{2AA1704F-5832-4E27-83DE-2491FACBFCF2}.Ad-Hoc|iPhoneSimulator.ActiveCfg = Release|x86
		{2AA1704F-5832-4E27-83DE-2491FACBFCF2}.Ad-Hoc|iPhoneSimulator.Build.0 = Release|x86
		{2AA1704F-5832-4E27-83DE-2491FACBFCF2}.Ad-Hoc|x64.ActiveCfg = Release|x86
		{2AA1704F-5832-4E27-83DE-2491FACBFCF2}.Ad-Hoc|x64.Build.0 = Release|x86
		{2AA1704F-5832-4E27-83DE-2491FACBFCF2}.Ad-Hoc|x86.ActiveCfg = Release|x86
		{2AA1704F-5832-4E27-83DE-2491FACBFCF2}.Ad-Hoc|x86.Build.0 = Release|x86
		{2AA1704F-5832-4E27-83DE-2491FACBFCF2}.AppStore|Any CPU.ActiveCfg = Release|x86
		{2AA1704F-5832-4E27-83DE-2491FACBFCF2}.AppStore|Any CPU.Build.0 = Release|x86
		{2AA1704F-5832-4E27-83DE-2491FACBFCF2}.AppStore|ARM.ActiveCfg = Release|x86
		{2AA1704F-5832-4E27-83DE-2491FACBFCF2}.AppStore|ARM.Build.0 = Release|x86
		{2AA1704F-5832-4E27-83DE-2491FACBFCF2}.AppStore|iPhone.ActiveCfg = Release|x86
		{2AA1704F-5832-4E27-83DE-2491FACBFCF2}.AppStore|iPhone.Build.0 = Release|x86
		{2AA1704F-5832-4E27-83DE-2491FACBFCF2}.AppStore|iPhoneSimulator.ActiveCfg = Release|x86
		{2AA1704F-5832-4E27-83DE-2491FACBFCF2}.AppStore|iPhoneSimulator.Build.0 = Release|x86
		{2AA1704F-5832-4E27-83DE-2491FACBFCF2}.AppStore|x64.ActiveCfg = Release|x86
		{2AA1704F-5832-4E27-83DE-2491FACBFCF2}.AppStore|x64.Build.0 = Release|x86
		{2AA1704F-5832-4E27-83DE-2491FACBFCF2}.AppStore|x86.ActiveCfg = Release|x86
		{2AA1704F-5832-4E27-83DE-2491FACBFCF2}.AppStore|x86.Build.0 = Release|x86
		{2AA1704F-5832-4E27-83DE-2491FACBFCF2}.Debug|Any CPU.ActiveCfg = Debug|x86
		{2AA1704F-5832-4E27-83DE-2491FACBFCF2}.Debug|Any CPU.Build.0 = Debug|x86
		{2AA1704F-5832-4E27-83DE-2491FACBFCF2}.Debug|ARM.ActiveCfg = Debug|x86
		{2AA1704F-5832-4E27-83DE-2491FACBFCF2}.Debug|iPhone.ActiveCfg = Debug|x86
		{2AA1704F-5832-4E27-83DE-2491FACBFCF2}.Debug|iPhoneSimulator.ActiveCfg = Debug|x86
		{2AA1704F-5832-4E27-83DE-2491FACBFCF2}.Debug|x64.ActiveCfg = Debug|x86
		{2AA1704F-5832-4E27-83DE-2491FACBFCF2}.Debug|x86.ActiveCfg = Debug|x86
		{2AA1704F-5832-4E27-83DE-2491FACBFCF2}.Debug|x86.Build.0 = Debug|x86
		{2AA1704F-5832-4E27-83DE-2491FACBFCF2}.Release|Any CPU.ActiveCfg = Release|x86
		{2AA1704F-5832-4E27-83DE-2491FACBFCF2}.Release|ARM.ActiveCfg = Release|x86
		{2AA1704F-5832-4E27-83DE-2491FACBFCF2}.Release|iPhone.ActiveCfg = Release|x86
		{2AA1704F-5832-4E27-83DE-2491FACBFCF2}.Release|iPhoneSimulator.ActiveCfg = Release|x86
		{2AA1704F-5832-4E27-83DE-2491FACBFCF2}.Release|x64.ActiveCfg = Release|x86
		{2AA1704F-5832-4E27-83DE-2491FACBFCF2}.Release|x86.ActiveCfg = Release|x86
		{2AA1704F-5832-4E27-83DE-2491FACBFCF2}.Release|x86.Build.0 = Release|x86
		{C98927D5-511D-4F66-A8BB-938BD6D11935}.Ad-Hoc|Any CPU.ActiveCfg = Release|Any CPU
		{C98927D5-511D-4F66-A8BB-938BD6D11935}.Ad-Hoc|Any CPU.Build.0 = Release|Any CPU
		{C98927D5-511D-4F66-A8BB-938BD6D11935}.Ad-Hoc|ARM.ActiveCfg = Release|Any CPU
		{C98927D5-511D-4F66-A8BB-938BD6D11935}.Ad-Hoc|ARM.Build.0 = Release|Any CPU
		{C98927D5-511D-4F66-A8BB-938BD6D11935}.Ad-Hoc|iPhone.ActiveCfg = Release|Any CPU
		{C98927D5-511D-4F66-A8BB-938BD6D11935}.Ad-Hoc|iPhone.Build.0 = Release|Any CPU
		{C98927D5-511D-4F66-A8BB-938BD6D11935}.Ad-Hoc|iPhoneSimulator.ActiveCfg = Release|Any CPU
		{C98927D5-511D-4F66-A8BB-938BD6D11935}.Ad-Hoc|iPhoneSimulator.Build.0 = Release|Any CPU
		{C98927D5-511D-4F66-A8BB-938BD6D11935}.Ad-Hoc|x64.ActiveCfg = Release|Any CPU
		{C98927D5-511D-4F66-A8BB-938BD6D11935}.Ad-Hoc|x64.Build.0 = Release|Any CPU
		{C98927D5-511D-4F66-A8BB-938BD6D11935}.Ad-Hoc|x86.ActiveCfg = Release|Any CPU
		{C98927D5-511D-4F66-A8BB-938BD6D11935}.Ad-Hoc|x86.Build.0 = Release|Any CPU
		{C98927D5-511D-4F66-A8BB-938BD6D11935}.AppStore|Any CPU.ActiveCfg = Release|Any CPU
		{C98927D5-511D-4F66-A8BB-938BD6D11935}.AppStore|Any CPU.Build.0 = Release|Any CPU
		{C98927D5-511D-4F66-A8BB-938BD6D11935}.AppStore|ARM.ActiveCfg = Release|Any CPU
		{C98927D5-511D-4F66-A8BB-938BD6D11935}.AppStore|ARM.Build.0 = Release|Any CPU
		{C98927D5-511D-4F66-A8BB-938BD6D11935}.AppStore|iPhone.ActiveCfg = Release|Any CPU
		{C98927D5-511D-4F66-A8BB-938BD6D11935}.AppStore|iPhone.Build.0 = Release|Any CPU
		{C98927D5-511D-4F66-A8BB-938BD6D11935}.AppStore|iPhoneSimulator.ActiveCfg = Release|Any CPU
		{C98927D5-511D-4F66-A8BB-938BD6D11935}.AppStore|iPhoneSimulator.Build.0 = Release|Any CPU
		{C98927D5-511D-4F66-A8BB-938BD6D11935}.AppStore|x64.ActiveCfg = Release|Any CPU
		{C98927D5-511D-4F66-A8BB-938BD6D11935}.AppStore|x64.Build.0 = Release|Any CPU
		{C98927D5-511D-4F66-A8BB-938BD6D11935}.AppStore|x86.ActiveCfg = Release|Any CPU
		{C98927D5-511D-4F66-A8BB-938BD6D11935}.AppStore|x86.Build.0 = Release|Any CPU
		{C98927D5-511D-4F66-A8BB-938BD6D11935}.Debug|Any CPU.ActiveCfg = Debug|Any CPU
		{C98927D5-511D-4F66-A8BB-938BD6D11935}.Debug|Any CPU.Build.0 = Debug|Any CPU
		{C98927D5-511D-4F66-A8BB-938BD6D11935}.Debug|ARM.ActiveCfg = Debug|Any CPU
		{C98927D5-511D-4F66-A8BB-938BD6D11935}.Debug|ARM.Build.0 = Debug|Any CPU
		{C98927D5-511D-4F66-A8BB-938BD6D11935}.Debug|iPhone.ActiveCfg = Debug|Any CPU
		{C98927D5-511D-4F66-A8BB-938BD6D11935}.Debug|iPhone.Build.0 = Debug|Any CPU
		{C98927D5-511D-4F66-A8BB-938BD6D11935}.Debug|iPhoneSimulator.ActiveCfg = Debug|Any CPU
		{C98927D5-511D-4F66-A8BB-938BD6D11935}.Debug|iPhoneSimulator.Build.0 = Debug|Any CPU
		{C98927D5-511D-4F66-A8BB-938BD6D11935}.Debug|x64.ActiveCfg = Debug|Any CPU
		{C98927D5-511D-4F66-A8BB-938BD6D11935}.Debug|x64.Build.0 = Debug|Any CPU
		{C98927D5-511D-4F66-A8BB-938BD6D11935}.Debug|x86.ActiveCfg = Debug|Any CPU
		{C98927D5-511D-4F66-A8BB-938BD6D11935}.Debug|x86.Build.0 = Debug|Any CPU
		{C98927D5-511D-4F66-A8BB-938BD6D11935}.Release|Any CPU.ActiveCfg = Release|Any CPU
		{C98927D5-511D-4F66-A8BB-938BD6D11935}.Release|Any CPU.Build.0 = Release|Any CPU
		{C98927D5-511D-4F66-A8BB-938BD6D11935}.Release|ARM.ActiveCfg = Release|Any CPU
		{C98927D5-511D-4F66-A8BB-938BD6D11935}.Release|ARM.Build.0 = Release|Any CPU
		{C98927D5-511D-4F66-A8BB-938BD6D11935}.Release|iPhone.ActiveCfg = Release|Any CPU
		{C98927D5-511D-4F66-A8BB-938BD6D11935}.Release|iPhone.Build.0 = Release|Any CPU
		{C98927D5-511D-4F66-A8BB-938BD6D11935}.Release|iPhoneSimulator.ActiveCfg = Release|Any CPU
		{C98927D5-511D-4F66-A8BB-938BD6D11935}.Release|iPhoneSimulator.Build.0 = Release|Any CPU
		{C98927D5-511D-4F66-A8BB-938BD6D11935}.Release|x64.ActiveCfg = Release|Any CPU
		{C98927D5-511D-4F66-A8BB-938BD6D11935}.Release|x64.Build.0 = Release|Any CPU
		{C98927D5-511D-4F66-A8BB-938BD6D11935}.Release|x86.ActiveCfg = Release|Any CPU
		{C98927D5-511D-4F66-A8BB-938BD6D11935}.Release|x86.Build.0 = Release|Any CPU
		{84968B90-7A49-4149-B217-50D48A59F9D6}.Ad-Hoc|Any CPU.ActiveCfg = Release|Any CPU
		{84968B90-7A49-4149-B217-50D48A59F9D6}.Ad-Hoc|Any CPU.Build.0 = Release|Any CPU
		{84968B90-7A49-4149-B217-50D48A59F9D6}.Ad-Hoc|ARM.ActiveCfg = Release|Any CPU
		{84968B90-7A49-4149-B217-50D48A59F9D6}.Ad-Hoc|ARM.Build.0 = Release|Any CPU
		{84968B90-7A49-4149-B217-50D48A59F9D6}.Ad-Hoc|iPhone.ActiveCfg = Release|Any CPU
		{84968B90-7A49-4149-B217-50D48A59F9D6}.Ad-Hoc|iPhone.Build.0 = Release|Any CPU
		{84968B90-7A49-4149-B217-50D48A59F9D6}.Ad-Hoc|iPhoneSimulator.ActiveCfg = Release|Any CPU
		{84968B90-7A49-4149-B217-50D48A59F9D6}.Ad-Hoc|iPhoneSimulator.Build.0 = Release|Any CPU
		{84968B90-7A49-4149-B217-50D48A59F9D6}.Ad-Hoc|x64.ActiveCfg = Release|Any CPU
		{84968B90-7A49-4149-B217-50D48A59F9D6}.Ad-Hoc|x64.Build.0 = Release|Any CPU
		{84968B90-7A49-4149-B217-50D48A59F9D6}.Ad-Hoc|x86.ActiveCfg = Release|Any CPU
		{84968B90-7A49-4149-B217-50D48A59F9D6}.Ad-Hoc|x86.Build.0 = Release|Any CPU
		{84968B90-7A49-4149-B217-50D48A59F9D6}.AppStore|Any CPU.ActiveCfg = Release|Any CPU
		{84968B90-7A49-4149-B217-50D48A59F9D6}.AppStore|Any CPU.Build.0 = Release|Any CPU
		{84968B90-7A49-4149-B217-50D48A59F9D6}.AppStore|ARM.ActiveCfg = Release|Any CPU
		{84968B90-7A49-4149-B217-50D48A59F9D6}.AppStore|ARM.Build.0 = Release|Any CPU
		{84968B90-7A49-4149-B217-50D48A59F9D6}.AppStore|iPhone.ActiveCfg = Release|Any CPU
		{84968B90-7A49-4149-B217-50D48A59F9D6}.AppStore|iPhone.Build.0 = Release|Any CPU
		{84968B90-7A49-4149-B217-50D48A59F9D6}.AppStore|iPhoneSimulator.ActiveCfg = Release|Any CPU
		{84968B90-7A49-4149-B217-50D48A59F9D6}.AppStore|iPhoneSimulator.Build.0 = Release|Any CPU
		{84968B90-7A49-4149-B217-50D48A59F9D6}.AppStore|x64.ActiveCfg = Release|Any CPU
		{84968B90-7A49-4149-B217-50D48A59F9D6}.AppStore|x64.Build.0 = Release|Any CPU
		{84968B90-7A49-4149-B217-50D48A59F9D6}.AppStore|x86.ActiveCfg = Release|Any CPU
		{84968B90-7A49-4149-B217-50D48A59F9D6}.AppStore|x86.Build.0 = Release|Any CPU
		{84968B90-7A49-4149-B217-50D48A59F9D6}.Debug|Any CPU.ActiveCfg = Debug|Any CPU
		{84968B90-7A49-4149-B217-50D48A59F9D6}.Debug|Any CPU.Build.0 = Debug|Any CPU
		{84968B90-7A49-4149-B217-50D48A59F9D6}.Debug|ARM.ActiveCfg = Debug|Any CPU
		{84968B90-7A49-4149-B217-50D48A59F9D6}.Debug|ARM.Build.0 = Debug|Any CPU
		{84968B90-7A49-4149-B217-50D48A59F9D6}.Debug|iPhone.ActiveCfg = Debug|Any CPU
		{84968B90-7A49-4149-B217-50D48A59F9D6}.Debug|iPhone.Build.0 = Debug|Any CPU
		{84968B90-7A49-4149-B217-50D48A59F9D6}.Debug|iPhoneSimulator.ActiveCfg = Debug|Any CPU
		{84968B90-7A49-4149-B217-50D48A59F9D6}.Debug|iPhoneSimulator.Build.0 = Debug|Any CPU
		{84968B90-7A49-4149-B217-50D48A59F9D6}.Debug|x64.ActiveCfg = Debug|Any CPU
		{84968B90-7A49-4149-B217-50D48A59F9D6}.Debug|x64.Build.0 = Debug|Any CPU
		{84968B90-7A49-4149-B217-50D48A59F9D6}.Debug|x86.ActiveCfg = Debug|Any CPU
		{84968B90-7A49-4149-B217-50D48A59F9D6}.Debug|x86.Build.0 = Debug|Any CPU
		{84968B90-7A49-4149-B217-50D48A59F9D6}.Release|Any CPU.ActiveCfg = Release|Any CPU
		{84968B90-7A49-4149-B217-50D48A59F9D6}.Release|Any CPU.Build.0 = Release|Any CPU
		{84968B90-7A49-4149-B217-50D48A59F9D6}.Release|ARM.ActiveCfg = Release|Any CPU
		{84968B90-7A49-4149-B217-50D48A59F9D6}.Release|ARM.Build.0 = Release|Any CPU
		{84968B90-7A49-4149-B217-50D48A59F9D6}.Release|iPhone.ActiveCfg = Release|Any CPU
		{84968B90-7A49-4149-B217-50D48A59F9D6}.Release|iPhone.Build.0 = Release|Any CPU
		{84968B90-7A49-4149-B217-50D48A59F9D6}.Release|iPhoneSimulator.ActiveCfg = Release|Any CPU
		{84968B90-7A49-4149-B217-50D48A59F9D6}.Release|iPhoneSimulator.Build.0 = Release|Any CPU
		{84968B90-7A49-4149-B217-50D48A59F9D6}.Release|x64.ActiveCfg = Release|Any CPU
		{84968B90-7A49-4149-B217-50D48A59F9D6}.Release|x64.Build.0 = Release|Any CPU
		{84968B90-7A49-4149-B217-50D48A59F9D6}.Release|x86.ActiveCfg = Release|Any CPU
		{84968B90-7A49-4149-B217-50D48A59F9D6}.Release|x86.Build.0 = Release|Any CPU
		{067456C0-086C-46A8-B37F-1405717B7BFC}.Ad-Hoc|Any CPU.ActiveCfg = Release|Any CPU
		{067456C0-086C-46A8-B37F-1405717B7BFC}.Ad-Hoc|Any CPU.Build.0 = Release|Any CPU
		{067456C0-086C-46A8-B37F-1405717B7BFC}.Ad-Hoc|ARM.ActiveCfg = Release|Any CPU
		{067456C0-086C-46A8-B37F-1405717B7BFC}.Ad-Hoc|ARM.Build.0 = Release|Any CPU
		{067456C0-086C-46A8-B37F-1405717B7BFC}.Ad-Hoc|iPhone.ActiveCfg = Release|Any CPU
		{067456C0-086C-46A8-B37F-1405717B7BFC}.Ad-Hoc|iPhone.Build.0 = Release|Any CPU
		{067456C0-086C-46A8-B37F-1405717B7BFC}.Ad-Hoc|iPhoneSimulator.ActiveCfg = Release|Any CPU
		{067456C0-086C-46A8-B37F-1405717B7BFC}.Ad-Hoc|iPhoneSimulator.Build.0 = Release|Any CPU
		{067456C0-086C-46A8-B37F-1405717B7BFC}.Ad-Hoc|x64.ActiveCfg = Release|Any CPU
		{067456C0-086C-46A8-B37F-1405717B7BFC}.Ad-Hoc|x64.Build.0 = Release|Any CPU
		{067456C0-086C-46A8-B37F-1405717B7BFC}.Ad-Hoc|x86.ActiveCfg = Release|Any CPU
		{067456C0-086C-46A8-B37F-1405717B7BFC}.Ad-Hoc|x86.Build.0 = Release|Any CPU
		{067456C0-086C-46A8-B37F-1405717B7BFC}.AppStore|Any CPU.ActiveCfg = Release|Any CPU
		{067456C0-086C-46A8-B37F-1405717B7BFC}.AppStore|Any CPU.Build.0 = Release|Any CPU
		{067456C0-086C-46A8-B37F-1405717B7BFC}.AppStore|ARM.ActiveCfg = Release|Any CPU
		{067456C0-086C-46A8-B37F-1405717B7BFC}.AppStore|ARM.Build.0 = Release|Any CPU
		{067456C0-086C-46A8-B37F-1405717B7BFC}.AppStore|iPhone.ActiveCfg = Release|Any CPU
		{067456C0-086C-46A8-B37F-1405717B7BFC}.AppStore|iPhone.Build.0 = Release|Any CPU
		{067456C0-086C-46A8-B37F-1405717B7BFC}.AppStore|iPhoneSimulator.ActiveCfg = Release|Any CPU
		{067456C0-086C-46A8-B37F-1405717B7BFC}.AppStore|iPhoneSimulator.Build.0 = Release|Any CPU
		{067456C0-086C-46A8-B37F-1405717B7BFC}.AppStore|x64.ActiveCfg = Release|Any CPU
		{067456C0-086C-46A8-B37F-1405717B7BFC}.AppStore|x64.Build.0 = Release|Any CPU
		{067456C0-086C-46A8-B37F-1405717B7BFC}.AppStore|x86.ActiveCfg = Release|Any CPU
		{067456C0-086C-46A8-B37F-1405717B7BFC}.AppStore|x86.Build.0 = Release|Any CPU
		{067456C0-086C-46A8-B37F-1405717B7BFC}.Debug|Any CPU.ActiveCfg = Debug|Any CPU
		{067456C0-086C-46A8-B37F-1405717B7BFC}.Debug|Any CPU.Build.0 = Debug|Any CPU
		{067456C0-086C-46A8-B37F-1405717B7BFC}.Debug|ARM.ActiveCfg = Debug|Any CPU
		{067456C0-086C-46A8-B37F-1405717B7BFC}.Debug|ARM.Build.0 = Debug|Any CPU
		{067456C0-086C-46A8-B37F-1405717B7BFC}.Debug|iPhone.ActiveCfg = Debug|Any CPU
		{067456C0-086C-46A8-B37F-1405717B7BFC}.Debug|iPhone.Build.0 = Debug|Any CPU
		{067456C0-086C-46A8-B37F-1405717B7BFC}.Debug|iPhoneSimulator.ActiveCfg = Debug|Any CPU
		{067456C0-086C-46A8-B37F-1405717B7BFC}.Debug|iPhoneSimulator.Build.0 = Debug|Any CPU
		{067456C0-086C-46A8-B37F-1405717B7BFC}.Debug|x64.ActiveCfg = Debug|Any CPU
		{067456C0-086C-46A8-B37F-1405717B7BFC}.Debug|x64.Build.0 = Debug|Any CPU
		{067456C0-086C-46A8-B37F-1405717B7BFC}.Debug|x86.ActiveCfg = Debug|Any CPU
		{067456C0-086C-46A8-B37F-1405717B7BFC}.Debug|x86.Build.0 = Debug|Any CPU
		{067456C0-086C-46A8-B37F-1405717B7BFC}.Release|Any CPU.ActiveCfg = Release|Any CPU
		{067456C0-086C-46A8-B37F-1405717B7BFC}.Release|Any CPU.Build.0 = Release|Any CPU
		{067456C0-086C-46A8-B37F-1405717B7BFC}.Release|ARM.ActiveCfg = Release|Any CPU
		{067456C0-086C-46A8-B37F-1405717B7BFC}.Release|ARM.Build.0 = Release|Any CPU
		{067456C0-086C-46A8-B37F-1405717B7BFC}.Release|iPhone.ActiveCfg = Release|Any CPU
		{067456C0-086C-46A8-B37F-1405717B7BFC}.Release|iPhone.Build.0 = Release|Any CPU
		{067456C0-086C-46A8-B37F-1405717B7BFC}.Release|iPhoneSimulator.ActiveCfg = Release|Any CPU
		{067456C0-086C-46A8-B37F-1405717B7BFC}.Release|iPhoneSimulator.Build.0 = Release|Any CPU
		{067456C0-086C-46A8-B37F-1405717B7BFC}.Release|x64.ActiveCfg = Release|Any CPU
		{067456C0-086C-46A8-B37F-1405717B7BFC}.Release|x64.Build.0 = Release|Any CPU
		{067456C0-086C-46A8-B37F-1405717B7BFC}.Release|x86.ActiveCfg = Release|Any CPU
		{067456C0-086C-46A8-B37F-1405717B7BFC}.Release|x86.Build.0 = Release|Any CPU
		{75D65DA3-30BC-4F2C-9AC0-BEF9761D4C27}.Ad-Hoc|Any CPU.ActiveCfg = Release|Any CPU
		{75D65DA3-30BC-4F2C-9AC0-BEF9761D4C27}.Ad-Hoc|Any CPU.Build.0 = Release|Any CPU
		{75D65DA3-30BC-4F2C-9AC0-BEF9761D4C27}.Ad-Hoc|ARM.ActiveCfg = Release|Any CPU
		{75D65DA3-30BC-4F2C-9AC0-BEF9761D4C27}.Ad-Hoc|ARM.Build.0 = Release|Any CPU
		{75D65DA3-30BC-4F2C-9AC0-BEF9761D4C27}.Ad-Hoc|iPhone.ActiveCfg = Release|Any CPU
		{75D65DA3-30BC-4F2C-9AC0-BEF9761D4C27}.Ad-Hoc|iPhone.Build.0 = Release|Any CPU
		{75D65DA3-30BC-4F2C-9AC0-BEF9761D4C27}.Ad-Hoc|iPhoneSimulator.ActiveCfg = Release|Any CPU
		{75D65DA3-30BC-4F2C-9AC0-BEF9761D4C27}.Ad-Hoc|iPhoneSimulator.Build.0 = Release|Any CPU
		{75D65DA3-30BC-4F2C-9AC0-BEF9761D4C27}.Ad-Hoc|x64.ActiveCfg = Release|Any CPU
		{75D65DA3-30BC-4F2C-9AC0-BEF9761D4C27}.Ad-Hoc|x64.Build.0 = Release|Any CPU
		{75D65DA3-30BC-4F2C-9AC0-BEF9761D4C27}.Ad-Hoc|x86.ActiveCfg = Release|Any CPU
		{75D65DA3-30BC-4F2C-9AC0-BEF9761D4C27}.Ad-Hoc|x86.Build.0 = Release|Any CPU
		{75D65DA3-30BC-4F2C-9AC0-BEF9761D4C27}.AppStore|Any CPU.ActiveCfg = Release|Any CPU
		{75D65DA3-30BC-4F2C-9AC0-BEF9761D4C27}.AppStore|Any CPU.Build.0 = Release|Any CPU
		{75D65DA3-30BC-4F2C-9AC0-BEF9761D4C27}.AppStore|ARM.ActiveCfg = Release|Any CPU
		{75D65DA3-30BC-4F2C-9AC0-BEF9761D4C27}.AppStore|ARM.Build.0 = Release|Any CPU
		{75D65DA3-30BC-4F2C-9AC0-BEF9761D4C27}.AppStore|iPhone.ActiveCfg = Release|Any CPU
		{75D65DA3-30BC-4F2C-9AC0-BEF9761D4C27}.AppStore|iPhone.Build.0 = Release|Any CPU
		{75D65DA3-30BC-4F2C-9AC0-BEF9761D4C27}.AppStore|iPhoneSimulator.ActiveCfg = Release|Any CPU
		{75D65DA3-30BC-4F2C-9AC0-BEF9761D4C27}.AppStore|iPhoneSimulator.Build.0 = Release|Any CPU
		{75D65DA3-30BC-4F2C-9AC0-BEF9761D4C27}.AppStore|x64.ActiveCfg = Release|Any CPU
		{75D65DA3-30BC-4F2C-9AC0-BEF9761D4C27}.AppStore|x64.Build.0 = Release|Any CPU
		{75D65DA3-30BC-4F2C-9AC0-BEF9761D4C27}.AppStore|x86.ActiveCfg = Release|Any CPU
		{75D65DA3-30BC-4F2C-9AC0-BEF9761D4C27}.AppStore|x86.Build.0 = Release|Any CPU
		{75D65DA3-30BC-4F2C-9AC0-BEF9761D4C27}.Debug|Any CPU.ActiveCfg = Debug|Any CPU
		{75D65DA3-30BC-4F2C-9AC0-BEF9761D4C27}.Debug|Any CPU.Build.0 = Debug|Any CPU
		{75D65DA3-30BC-4F2C-9AC0-BEF9761D4C27}.Debug|ARM.ActiveCfg = Debug|Any CPU
		{75D65DA3-30BC-4F2C-9AC0-BEF9761D4C27}.Debug|ARM.Build.0 = Debug|Any CPU
		{75D65DA3-30BC-4F2C-9AC0-BEF9761D4C27}.Debug|iPhone.ActiveCfg = Debug|Any CPU
		{75D65DA3-30BC-4F2C-9AC0-BEF9761D4C27}.Debug|iPhone.Build.0 = Debug|Any CPU
		{75D65DA3-30BC-4F2C-9AC0-BEF9761D4C27}.Debug|iPhoneSimulator.ActiveCfg = Debug|Any CPU
		{75D65DA3-30BC-4F2C-9AC0-BEF9761D4C27}.Debug|iPhoneSimulator.Build.0 = Debug|Any CPU
		{75D65DA3-30BC-4F2C-9AC0-BEF9761D4C27}.Debug|x64.ActiveCfg = Debug|Any CPU
		{75D65DA3-30BC-4F2C-9AC0-BEF9761D4C27}.Debug|x64.Build.0 = Debug|Any CPU
		{75D65DA3-30BC-4F2C-9AC0-BEF9761D4C27}.Debug|x86.ActiveCfg = Debug|Any CPU
		{75D65DA3-30BC-4F2C-9AC0-BEF9761D4C27}.Debug|x86.Build.0 = Debug|Any CPU
		{75D65DA3-30BC-4F2C-9AC0-BEF9761D4C27}.Release|Any CPU.ActiveCfg = Release|Any CPU
		{75D65DA3-30BC-4F2C-9AC0-BEF9761D4C27}.Release|Any CPU.Build.0 = Release|Any CPU
		{75D65DA3-30BC-4F2C-9AC0-BEF9761D4C27}.Release|ARM.ActiveCfg = Release|Any CPU
		{75D65DA3-30BC-4F2C-9AC0-BEF9761D4C27}.Release|ARM.Build.0 = Release|Any CPU
		{75D65DA3-30BC-4F2C-9AC0-BEF9761D4C27}.Release|iPhone.ActiveCfg = Release|Any CPU
		{75D65DA3-30BC-4F2C-9AC0-BEF9761D4C27}.Release|iPhone.Build.0 = Release|Any CPU
		{75D65DA3-30BC-4F2C-9AC0-BEF9761D4C27}.Release|iPhoneSimulator.ActiveCfg = Release|Any CPU
		{75D65DA3-30BC-4F2C-9AC0-BEF9761D4C27}.Release|iPhoneSimulator.Build.0 = Release|Any CPU
		{75D65DA3-30BC-4F2C-9AC0-BEF9761D4C27}.Release|x64.ActiveCfg = Release|Any CPU
		{75D65DA3-30BC-4F2C-9AC0-BEF9761D4C27}.Release|x64.Build.0 = Release|Any CPU
		{75D65DA3-30BC-4F2C-9AC0-BEF9761D4C27}.Release|x86.ActiveCfg = Release|Any CPU
		{75D65DA3-30BC-4F2C-9AC0-BEF9761D4C27}.Release|x86.Build.0 = Release|Any CPU
	EndGlobalSection
	GlobalSection(SolutionProperties) = preSolution
		HideSolutionNode = FALSE
	EndGlobalSection
	GlobalSection(NestedProjects) = preSolution
		{2AA1704F-5832-4E27-83DE-2491FACBFCF2} = {45F6C0E0-A4DB-4A16-B53A-68022DB3E0C8}
		{84968B90-7A49-4149-B217-50D48A59F9D6} = {45F6C0E0-A4DB-4A16-B53A-68022DB3E0C8}
		{067456C0-086C-46A8-B37F-1405717B7BFC} = {5715A33A-C544-454F-B6DD-D9F3067C0FB4}
		{75D65DA3-30BC-4F2C-9AC0-BEF9761D4C27} = {5715A33A-C544-454F-B6DD-D9F3067C0FB4}
	EndGlobalSection
EndGlobal
